// !$*UTF8*$!
{
	archiveVersion = 1;
	classes = {
	};
	objectVersion = 56;
	objects = {

/* Begin PBXBuildFile section */
		E9AB5BAA2A4AE4DB00582801 /* AppDelegate.m in Sources */ = {isa = PBXBuildFile; fileRef = E9AB5BA92A4AE4DB00582801 /* AppDelegate.m */; };
		E9AB5BAD2A4AE4DB00582801 /* SceneDelegate.m in Sources */ = {isa = PBXBuildFile; fileRef = E9AB5BAC2A4AE4DB00582801 /* SceneDelegate.m */; };
		E9AB5BB02A4AE4DB00582801 /* ViewController.m in Sources */ = {isa = PBXBuildFile; fileRef = E9AB5BAF2A4AE4DB00582801 /* ViewController.m */; };
		E9AB5BB32A4AE4DB00582801 /* Main.storyboard in Resources */ = {isa = PBXBuildFile; fileRef = E9AB5BB12A4AE4DB00582801 /* Main.storyboard */; };
		E9AB5BB52A4AE4DC00582801 /* Assets.xcassets in Resources */ = {isa = PBXBuildFile; fileRef = E9AB5BB42A4AE4DC00582801 /* Assets.xcassets */; };
		E9AB5BB82A4AE4DC00582801 /* LaunchScreen.storyboard in Resources */ = {isa = PBXBuildFile; fileRef = E9AB5BB62A4AE4DC00582801 /* LaunchScreen.storyboard */; };
		E9AB5BBB2A4AE4DC00582801 /* main.m in Sources */ = {isa = PBXBuildFile; fileRef = E9AB5BBA2A4AE4DC00582801 /* main.m */; };
		E9AB5BC52A4AE4DC00582801 /* HelloWorldTests.m in Sources */ = {isa = PBXBuildFile; fileRef = E9AB5BC42A4AE4DC00582801 /* HelloWorldTests.m */; };
		E9AB5BCF2A4AE4DC00582801 /* HelloWorldUITests.m in Sources */ = {isa = PBXBuildFile; fileRef = E9AB5BCE2A4AE4DC00582801 /* HelloWorldUITests.m */; };
		E9AB5BD12A4AE4DC00582801 /* HelloWorldUITestsLaunchTests.m in Sources */ = {isa = PBXBuildFile; fileRef = E9AB5BD02A4AE4DC00582801 /* HelloWorldUITestsLaunchTests.m */; };
/* End PBXBuildFile section */

/* Begin PBXContainerItemProxy section */
		E9AB5BC12A4AE4DC00582801 /* PBXContainerItemProxy */ = {
			isa = PBXContainerItemProxy;
			containerPortal = E9AB5B9D2A4AE4DB00582801 /* Project object */;
			proxyType = 1;
			remoteGlobalIDString = E9AB5BA42A4AE4DB00582801;
			remoteInfo = HelloWorld;
		};
		E9AB5BCB2A4AE4DC00582801 /* PBXContainerItemProxy */ = {
			isa = PBXContainerItemProxy;
			containerPortal = E9AB5B9D2A4AE4DB00582801 /* Project object */;
			proxyType = 1;
			remoteGlobalIDString = E9AB5BA42A4AE4DB00582801;
			remoteInfo = HelloWorld;
		};
/* End PBXContainerItemProxy section */

/* Begin PBXFileReference section */
		E9AB5BA52A4AE4DB00582801 /* HelloWorld.app */ = {isa = PBXFileReference; explicitFileType = wrapper.application; includeInIndex = 0; path = HelloWorld.app; sourceTree = BUILT_PRODUCTS_DIR; };
		E9AB5BA82A4AE4DB00582801 /* AppDelegate.h */ = {isa = PBXFileReference; lastKnownFileType = sourcecode.c.h; path = AppDelegate.h; sourceTree = "<group>"; };
		E9AB5BA92A4AE4DB00582801 /* AppDelegate.m */ = {isa = PBXFileReference; lastKnownFileType = sourcecode.c.objc; path = AppDelegate.m; sourceTree = "<group>"; };
		E9AB5BAB2A4AE4DB00582801 /* SceneDelegate.h */ = {isa = PBXFileReference; lastKnownFileType = sourcecode.c.h; path = SceneDelegate.h; sourceTree = "<group>"; };
		E9AB5BAC2A4AE4DB00582801 /* SceneDelegate.m */ = {isa = PBXFileReference; lastKnownFileType = sourcecode.c.objc; path = SceneDelegate.m; sourceTree = "<group>"; };
		E9AB5BAE2A4AE4DB00582801 /* ViewController.h */ = {isa = PBXFileReference; lastKnownFileType = sourcecode.c.h; path = ViewController.h; sourceTree = "<group>"; };
		E9AB5BAF2A4AE4DB00582801 /* ViewController.m */ = {isa = PBXFileReference; lastKnownFileType = sourcecode.c.objc; path = ViewController.m; sourceTree = "<group>"; };
		E9AB5BB22A4AE4DB00582801 /* Base */ = {isa = PBXFileReference; lastKnownFileType = file.storyboard; name = Base; path = Base.lproj/Main.storyboard; sourceTree = "<group>"; };
		E9AB5BB42A4AE4DC00582801 /* Assets.xcassets */ = {isa = PBXFileReference; lastKnownFileType = folder.assetcatalog; path = Assets.xcassets; sourceTree = "<group>"; };
		E9AB5BB72A4AE4DC00582801 /* Base */ = {isa = PBXFileReference; lastKnownFileType = file.storyboard; name = Base; path = Base.lproj/LaunchScreen.storyboard; sourceTree = "<group>"; };
		E9AB5BB92A4AE4DC00582801 /* Info.plist */ = {isa = PBXFileReference; lastKnownFileType = text.plist.xml; path = Info.plist; sourceTree = "<group>"; };
		E9AB5BBA2A4AE4DC00582801 /* main.m */ = {isa = PBXFileReference; lastKnownFileType = sourcecode.c.objc; path = main.m; sourceTree = "<group>"; };
		E9AB5BC02A4AE4DC00582801 /* HelloWorldTests.xctest */ = {isa = PBXFileReference; explicitFileType = wrapper.cfbundle; includeInIndex = 0; path = HelloWorldTests.xctest; sourceTree = BUILT_PRODUCTS_DIR; };
		E9AB5BC42A4AE4DC00582801 /* HelloWorldTests.m */ = {isa = PBXFileReference; lastKnownFileType = sourcecode.c.objc; path = HelloWorldTests.m; sourceTree = "<group>"; };
		E9AB5BCA2A4AE4DC00582801 /* HelloWorldUITests.xctest */ = {isa = PBXFileReference; explicitFileType = wrapper.cfbundle; includeInIndex = 0; path = HelloWorldUITests.xctest; sourceTree = BUILT_PRODUCTS_DIR; };
		E9AB5BCE2A4AE4DC00582801 /* HelloWorldUITests.m */ = {isa = PBXFileReference; lastKnownFileType = sourcecode.c.objc; path = HelloWorldUITests.m; sourceTree = "<group>"; };
		E9AB5BD02A4AE4DC00582801 /* HelloWorldUITestsLaunchTests.m */ = {isa = PBXFileReference; lastKnownFileType = sourcecode.c.objc; path = HelloWorldUITestsLaunchTests.m; sourceTree = "<group>"; };
/* End PBXFileReference section */

/* Begin PBXFrameworksBuildPhase section */
		E9AB5BA22A4AE4DB00582801 /* Frameworks */ = {
			isa = PBXFrameworksBuildPhase;
			buildActionMask = 2147483647;
			files = (
			);
			runOnlyForDeploymentPostprocessing = 0;
		};
		E9AB5BBD2A4AE4DC00582801 /* Frameworks */ = {
			isa = PBXFrameworksBuildPhase;
			buildActionMask = 2147483647;
			files = (
			);
			runOnlyForDeploymentPostprocessing = 0;
		};
		E9AB5BC72A4AE4DC00582801 /* Frameworks */ = {
			isa = PBXFrameworksBuildPhase;
			buildActionMask = 2147483647;
			files = (
			);
			runOnlyForDeploymentPostprocessing = 0;
		};
/* End PBXFrameworksBuildPhase section */

/* Begin PBXGroup section */
		E9AB5B9C2A4AE4DB00582801 = {
			isa = PBXGroup;
			children = (
				E9AB5BA72A4AE4DB00582801 /* HelloWorld */,
				E9AB5BC32A4AE4DC00582801 /* HelloWorldTests */,
				E9AB5BCD2A4AE4DC00582801 /* HelloWorldUITests */,
				E9AB5BA62A4AE4DB00582801 /* Products */,
			);
			sourceTree = "<group>";
		};
		E9AB5BA62A4AE4DB00582801 /* Products */ = {
			isa = PBXGroup;
			children = (
				E9AB5BA52A4AE4DB00582801 /* HelloWorld.app */,
				E9AB5BC02A4AE4DC00582801 /* HelloWorldTests.xctest */,
				E9AB5BCA2A4AE4DC00582801 /* HelloWorldUITests.xctest */,
			);
			name = Products;
			sourceTree = "<group>";
		};
		E9AB5BA72A4AE4DB00582801 /* HelloWorld */ = {
			isa = PBXGroup;
			children = (
				E9AB5BA82A4AE4DB00582801 /* AppDelegate.h */,
				E9AB5BA92A4AE4DB00582801 /* AppDelegate.m */,
				E9AB5BAB2A4AE4DB00582801 /* SceneDelegate.h */,
				E9AB5BAC2A4AE4DB00582801 /* SceneDelegate.m */,
				E9AB5BAE2A4AE4DB00582801 /* ViewController.h */,
				E9AB5BAF2A4AE4DB00582801 /* ViewController.m */,
				E9AB5BB12A4AE4DB00582801 /* Main.storyboard */,
				E9AB5BB42A4AE4DC00582801 /* Assets.xcassets */,
				E9AB5BB62A4AE4DC00582801 /* LaunchScreen.storyboard */,
				E9AB5BB92A4AE4DC00582801 /* Info.plist */,
				E9AB5BBA2A4AE4DC00582801 /* main.m */,
			);
			path = HelloWorld;
			sourceTree = "<group>";
		};
		E9AB5BC32A4AE4DC00582801 /* HelloWorldTests */ = {
			isa = PBXGroup;
			children = (
				E9AB5BC42A4AE4DC00582801 /* HelloWorldTests.m */,
			);
			path = HelloWorldTests;
			sourceTree = "<group>";
		};
		E9AB5BCD2A4AE4DC00582801 /* HelloWorldUITests */ = {
			isa = PBXGroup;
			children = (
				E9AB5BCE2A4AE4DC00582801 /* HelloWorldUITests.m */,
				E9AB5BD02A4AE4DC00582801 /* HelloWorldUITestsLaunchTests.m */,
			);
			path = HelloWorldUITests;
			sourceTree = "<group>";
		};
/* End PBXGroup section */

/* Begin PBXNativeTarget section */
		E9AB5BA42A4AE4DB00582801 /* HelloWorld */ = {
			isa = PBXNativeTarget;
			buildConfigurationList = E9AB5BD42A4AE4DC00582801 /* Build configuration list for PBXNativeTarget "HelloWorld" */;
			buildPhases = (
				E9AB5BA12A4AE4DB00582801 /* Sources */,
				E9AB5BA22A4AE4DB00582801 /* Frameworks */,
				E9AB5BA32A4AE4DB00582801 /* Resources */,
			);
			buildRules = (
			);
			dependencies = (
			);
			name = HelloWorld;
			productName = HelloWorld;
			productReference = E9AB5BA52A4AE4DB00582801 /* HelloWorld.app */;
			productType = "com.apple.product-type.application";
		};
		E9AB5BBF2A4AE4DC00582801 /* HelloWorldTests */ = {
			isa = PBXNativeTarget;
			buildConfigurationList = E9AB5BD72A4AE4DC00582801 /* Build configuration list for PBXNativeTarget "HelloWorldTests" */;
			buildPhases = (
				E9AB5BBC2A4AE4DC00582801 /* Sources */,
				E9AB5BBD2A4AE4DC00582801 /* Frameworks */,
				E9AB5BBE2A4AE4DC00582801 /* Resources */,
			);
			buildRules = (
			);
			dependencies = (
				E9AB5BC22A4AE4DC00582801 /* PBXTargetDependency */,
			);
			name = HelloWorldTests;
			productName = HelloWorldTests;
			productReference = E9AB5BC02A4AE4DC00582801 /* HelloWorldTests.xctest */;
			productType = "com.apple.product-type.bundle.unit-test";
		};
		E9AB5BC92A4AE4DC00582801 /* HelloWorldUITests */ = {
			isa = PBXNativeTarget;
			buildConfigurationList = E9AB5BDA2A4AE4DC00582801 /* Build configuration list for PBXNativeTarget "HelloWorldUITests" */;
			buildPhases = (
				E9AB5BC62A4AE4DC00582801 /* Sources */,
				E9AB5BC72A4AE4DC00582801 /* Frameworks */,
				E9AB5BC82A4AE4DC00582801 /* Resources */,
			);
			buildRules = (
			);
			dependencies = (
				E9AB5BCC2A4AE4DC00582801 /* PBXTargetDependency */,
			);
			name = HelloWorldUITests;
			productName = HelloWorldUITests;
			productReference = E9AB5BCA2A4AE4DC00582801 /* HelloWorldUITests.xctest */;
			productType = "com.apple.product-type.bundle.ui-testing";
		};
/* End PBXNativeTarget section */

/* Begin PBXProject section */
		E9AB5B9D2A4AE4DB00582801 /* Project object */ = {
			isa = PBXProject;
			attributes = {
				BuildIndependentTargetsInParallel = 1;
				LastUpgradeCheck = 1430;
				TargetAttributes = {
					E9AB5BA42A4AE4DB00582801 = {
						CreatedOnToolsVersion = 14.3;
					};
					E9AB5BBF2A4AE4DC00582801 = {
						CreatedOnToolsVersion = 14.3;
						TestTargetID = E9AB5BA42A4AE4DB00582801;
					};
					E9AB5BC92A4AE4DC00582801 = {
						CreatedOnToolsVersion = 14.3;
						TestTargetID = E9AB5BA42A4AE4DB00582801;
					};
				};
			};
			buildConfigurationList = E9AB5BA02A4AE4DB00582801 /* Build configuration list for PBXProject "HelloWorld" */;
			compatibilityVersion = "Xcode 14.0";
			developmentRegion = en;
			hasScannedForEncodings = 0;
			knownRegions = (
				en,
				Base,
			);
			mainGroup = E9AB5B9C2A4AE4DB00582801;
			productRefGroup = E9AB5BA62A4AE4DB00582801 /* Products */;
			projectDirPath = "";
			projectRoot = "";
			targets = (
				E9AB5BA42A4AE4DB00582801 /* HelloWorld */,
				E9AB5BBF2A4AE4DC00582801 /* HelloWorldTests */,
				E9AB5BC92A4AE4DC00582801 /* HelloWorldUITests */,
			);
		};
/* End PBXProject section */

/* Begin PBXResourcesBuildPhase section */
		E9AB5BA32A4AE4DB00582801 /* Resources */ = {
			isa = PBXResourcesBuildPhase;
			buildActionMask = 2147483647;
			files = (
				E9AB5BB82A4AE4DC00582801 /* LaunchScreen.storyboard in Resources */,
				E9AB5BB52A4AE4DC00582801 /* Assets.xcassets in Resources */,
				E9AB5BB32A4AE4DB00582801 /* Main.storyboard in Resources */,
			);
			runOnlyForDeploymentPostprocessing = 0;
		};
		E9AB5BBE2A4AE4DC00582801 /* Resources */ = {
			isa = PBXResourcesBuildPhase;
			buildActionMask = 2147483647;
			files = (
			);
			runOnlyForDeploymentPostprocessing = 0;
		};
		E9AB5BC82A4AE4DC00582801 /* Resources */ = {
			isa = PBXResourcesBuildPhase;
			buildActionMask = 2147483647;
			files = (
			);
			runOnlyForDeploymentPostprocessing = 0;
		};
/* End PBXResourcesBuildPhase section */

/* Begin PBXSourcesBuildPhase section */
		E9AB5BA12A4AE4DB00582801 /* Sources */ = {
			isa = PBXSourcesBuildPhase;
			buildActionMask = 2147483647;
			files = (
				E9AB5BB02A4AE4DB00582801 /* ViewController.m in Sources */,
				E9AB5BAA2A4AE4DB00582801 /* AppDelegate.m in Sources */,
				E9AB5BBB2A4AE4DC00582801 /* main.m in Sources */,
				E9AB5BAD2A4AE4DB00582801 /* SceneDelegate.m in Sources */,
			);
			runOnlyForDeploymentPostprocessing = 0;
		};
		E9AB5BBC2A4AE4DC00582801 /* Sources */ = {
			isa = PBXSourcesBuildPhase;
			buildActionMask = 2147483647;
			files = (
				E9AB5BC52A4AE4DC00582801 /* HelloWorldTests.m in Sources */,
			);
			runOnlyForDeploymentPostprocessing = 0;
		};
		E9AB5BC62A4AE4DC00582801 /* Sources */ = {
			isa = PBXSourcesBuildPhase;
			buildActionMask = 2147483647;
			files = (
				E9AB5BD12A4AE4DC00582801 /* HelloWorldUITestsLaunchTests.m in Sources */,
				E9AB5BCF2A4AE4DC00582801 /* HelloWorldUITests.m in Sources */,
			);
			runOnlyForDeploymentPostprocessing = 0;
		};
/* End PBXSourcesBuildPhase section */

/* Begin PBXTargetDependency section */
		E9AB5BC22A4AE4DC00582801 /* PBXTargetDependency */ = {
			isa = PBXTargetDependency;
			target = E9AB5BA42A4AE4DB00582801 /* HelloWorld */;
			targetProxy = E9AB5BC12A4AE4DC00582801 /* PBXContainerItemProxy */;
		};
		E9AB5BCC2A4AE4DC00582801 /* PBXTargetDependency */ = {
			isa = PBXTargetDependency;
			target = E9AB5BA42A4AE4DB00582801 /* HelloWorld */;
			targetProxy = E9AB5BCB2A4AE4DC00582801 /* PBXContainerItemProxy */;
		};
/* End PBXTargetDependency section */

/* Begin PBXVariantGroup section */
		E9AB5BB12A4AE4DB00582801 /* Main.storyboard */ = {
			isa = PBXVariantGroup;
			children = (
				E9AB5BB22A4AE4DB00582801 /* Base */,
			);
			name = Main.storyboard;
			sourceTree = "<group>";
		};
		E9AB5BB62A4AE4DC00582801 /* LaunchScreen.storyboard */ = {
			isa = PBXVariantGroup;
			children = (
				E9AB5BB72A4AE4DC00582801 /* Base */,
			);
			name = LaunchScreen.storyboard;
			sourceTree = "<group>";
		};
/* End PBXVariantGroup section */

/* Begin XCBuildConfiguration section */
		E9AB5BD22A4AE4DC00582801 /* Debug */ = {
			isa = XCBuildConfiguration;
			buildSettings = {
				ALWAYS_SEARCH_USER_PATHS = NO;
				CLANG_ANALYZER_NONNULL = YES;
				CLANG_ANALYZER_NUMBER_OBJECT_CONVERSION = YES_AGGRESSIVE;
				CLANG_CXX_LANGUAGE_STANDARD = "gnu++20";
				CLANG_ENABLE_MODULES = YES;
				CLANG_ENABLE_OBJC_ARC = YES;
				CLANG_ENABLE_OBJC_WEAK = YES;
				CLANG_WARN_BLOCK_CAPTURE_AUTORELEASING = YES;
				CLANG_WARN_BOOL_CONVERSION = YES;
				CLANG_WARN_COMMA = YES;
				CLANG_WARN_CONSTANT_CONVERSION = YES;
				CLANG_WARN_DEPRECATED_OBJC_IMPLEMENTATIONS = YES;
				CLANG_WARN_DIRECT_OBJC_ISA_USAGE = YES_ERROR;
				CLANG_WARN_DOCUMENTATION_COMMENTS = YES;
				CLANG_WARN_EMPTY_BODY = YES;
				CLANG_WARN_ENUM_CONVERSION = YES;
				CLANG_WARN_INFINITE_RECURSION = YES;
				CLANG_WARN_INT_CONVERSION = YES;
				CLANG_WARN_NON_LITERAL_NULL_CONVERSION = YES;
				CLANG_WARN_OBJC_IMPLICIT_RETAIN_SELF = YES;
				CLANG_WARN_OBJC_LITERAL_CONVERSION = YES;
				CLANG_WARN_OBJC_ROOT_CLASS = YES_ERROR;
				CLANG_WARN_QUOTED_INCLUDE_IN_FRAMEWORK_HEADER = YES;
				CLANG_WARN_RANGE_LOOP_ANALYSIS = YES;
				CLANG_WARN_STRICT_PROTOTYPES = YES;
				CLANG_WARN_SUSPICIOUS_MOVE = YES;
				CLANG_WARN_UNGUARDED_AVAILABILITY = YES_AGGRESSIVE;
				CLANG_WARN_UNREACHABLE_CODE = YES;
				CLANG_WARN__DUPLICATE_METHOD_MATCH = YES;
				COPY_PHASE_STRIP = NO;
				DEBUG_INFORMATION_FORMAT = dwarf;
				ENABLE_STRICT_OBJC_MSGSEND = YES;
				ENABLE_TESTABILITY = YES;
				GCC_C_LANGUAGE_STANDARD = gnu11;
				GCC_DYNAMIC_NO_PIC = NO;
				GCC_NO_COMMON_BLOCKS = YES;
				GCC_OPTIMIZATION_LEVEL = 0;
				GCC_PREPROCESSOR_DEFINITIONS = (
					"DEBUG=1",
					"$(inherited)",
				);
				GCC_WARN_64_TO_32_BIT_CONVERSION = YES;
				GCC_WARN_ABOUT_RETURN_TYPE = YES_ERROR;
				GCC_WARN_UNDECLARED_SELECTOR = YES;
				GCC_WARN_UNINITIALIZED_AUTOS = YES_AGGRESSIVE;
				GCC_WARN_UNUSED_FUNCTION = YES;
				GCC_WARN_UNUSED_VARIABLE = YES;
				IPHONEOS_DEPLOYMENT_TARGET = 16.4;
				MTL_ENABLE_DEBUG_INFO = INCLUDE_SOURCE;
				MTL_FAST_MATH = YES;
				ONLY_ACTIVE_ARCH = YES;
				SDKROOT = iphoneos;
			};
			name = Debug;
		};
		E9AB5BD32A4AE4DC00582801 /* Release */ = {
			isa = XCBuildConfiguration;
			buildSettings = {
				ALWAYS_SEARCH_USER_PATHS = NO;
				CLANG_ANALYZER_NONNULL = YES;
				CLANG_ANALYZER_NUMBER_OBJECT_CONVERSION = YES_AGGRESSIVE;
				CLANG_CXX_LANGUAGE_STANDARD = "gnu++20";
				CLANG_ENABLE_MODULES = YES;
				CLANG_ENABLE_OBJC_ARC = YES;
				CLANG_ENABLE_OBJC_WEAK = YES;
				CLANG_WARN_BLOCK_CAPTURE_AUTORELEASING = YES;
				CLANG_WARN_BOOL_CONVERSION = YES;
				CLANG_WARN_COMMA = YES;
				CLANG_WARN_CONSTANT_CONVERSION = YES;
				CLANG_WARN_DEPRECATED_OBJC_IMPLEMENTATIONS = YES;
				CLANG_WARN_DIRECT_OBJC_ISA_USAGE = YES_ERROR;
				CLANG_WARN_DOCUMENTATION_COMMENTS = YES;
				CLANG_WARN_EMPTY_BODY = YES;
				CLANG_WARN_ENUM_CONVERSION = YES;
				CLANG_WARN_INFINITE_RECURSION = YES;
				CLANG_WARN_INT_CONVERSION = YES;
				CLANG_WARN_NON_LITERAL_NULL_CONVERSION = YES;
				CLANG_WARN_OBJC_IMPLICIT_RETAIN_SELF = YES;
				CLANG_WARN_OBJC_LITERAL_CONVERSION = YES;
				CLANG_WARN_OBJC_ROOT_CLASS = YES_ERROR;
				CLANG_WARN_QUOTED_INCLUDE_IN_FRAMEWORK_HEADER = YES;
				CLANG_WARN_RANGE_LOOP_ANALYSIS = YES;
				CLANG_WARN_STRICT_PROTOTYPES = YES;
				CLANG_WARN_SUSPICIOUS_MOVE = YES;
				CLANG_WARN_UNGUARDED_AVAILABILITY = YES_AGGRESSIVE;
				CLANG_WARN_UNREACHABLE_CODE = YES;
				CLANG_WARN__DUPLICATE_METHOD_MATCH = YES;
				COPY_PHASE_STRIP = NO;
				DEBUG_INFORMATION_FORMAT = "dwarf-with-dsym";
				ENABLE_NS_ASSERTIONS = NO;
				ENABLE_STRICT_OBJC_MSGSEND = YES;
				GCC_C_LANGUAGE_STANDARD = gnu11;
				GCC_NO_COMMON_BLOCKS = YES;
				GCC_WARN_64_TO_32_BIT_CONVERSION = YES;
				GCC_WARN_ABOUT_RETURN_TYPE = YES_ERROR;
				GCC_WARN_UNDECLARED_SELECTOR = YES;
				GCC_WARN_UNINITIALIZED_AUTOS = YES_AGGRESSIVE;
				GCC_WARN_UNUSED_FUNCTION = YES;
				GCC_WARN_UNUSED_VARIABLE = YES;
				IPHONEOS_DEPLOYMENT_TARGET = 16.4;
				MTL_ENABLE_DEBUG_INFO = NO;
				MTL_FAST_MATH = YES;
				SDKROOT = iphoneos;
				VALIDATE_PRODUCT = YES;
			};
			name = Release;
		};
		E9AB5BD52A4AE4DC00582801 /* Debug */ = {
			isa = XCBuildConfiguration;
			buildSettings = {
				ASSETCATALOG_COMPILER_APPICON_NAME = AppIcon;
				ASSETCATALOG_COMPILER_GLOBAL_ACCENT_COLOR_NAME = AccentColor;
				CODE_SIGN_STYLE = Automatic;
				CURRENT_PROJECT_VERSION = 1;
				GENERATE_INFOPLIST_FILE = YES;
				INFOPLIST_FILE = HelloWorld/Info.plist;
				INFOPLIST_KEY_UIApplicationSupportsIndirectInputEvents = YES;
				INFOPLIST_KEY_UILaunchStoryboardName = LaunchScreen;
				INFOPLIST_KEY_UIMainStoryboardFile = Main;
				INFOPLIST_KEY_UISupportedInterfaceOrientations_iPad = "UIInterfaceOrientationPortrait UIInterfaceOrientationPortraitUpsideDown UIInterfaceOrientationLandscapeLeft UIInterfaceOrientationLandscapeRight";
				INFOPLIST_KEY_UISupportedInterfaceOrientations_iPhone = "UIInterfaceOrientationPortrait UIInterfaceOrientationLandscapeLeft UIInterfaceOrientationLandscapeRight";
				LD_RUNPATH_SEARCH_PATHS = (
					"$(inherited)",
					"@executable_path/Frameworks",
				);
				MARKETING_VERSION = 1.0;
				PRODUCT_BUNDLE_IDENTIFIER = com.ttt.HelloWorld;
				PRODUCT_NAME = "$(TARGET_NAME)";
				SWIFT_EMIT_LOC_STRINGS = YES;
				TARGETED_DEVICE_FAMILY = "1,2";
			};
			name = Debug;
		};
		E9AB5BD62A4AE4DC00582801 /* Release */ = {
			isa = XCBuildConfiguration;
			buildSettings = {
				ASSETCATALOG_COMPILER_APPICON_NAME = AppIcon;
				ASSETCATALOG_COMPILER_GLOBAL_ACCENT_COLOR_NAME = AccentColor;
				CODE_SIGN_STYLE = Automatic;
				CURRENT_PROJECT_VERSION = 1;
				GENERATE_INFOPLIST_FILE = YES;
				INFOPLIST_FILE = HelloWorld/Info.plist;
				INFOPLIST_KEY_UIApplicationSupportsIndirectInputEvents = YES;
				INFOPLIST_KEY_UILaunchStoryboardName = LaunchScreen;
				INFOPLIST_KEY_UIMainStoryboardFile = Main;
				INFOPLIST_KEY_UISupportedInterfaceOrientations_iPad = "UIInterfaceOrientationPortrait UIInterfaceOrientationPortraitUpsideDown UIInterfaceOrientationLandscapeLeft UIInterfaceOrientationLandscapeRight";
				INFOPLIST_KEY_UISupportedInterfaceOrientations_iPhone = "UIInterfaceOrientationPortrait UIInterfaceOrientationLandscapeLeft UIInterfaceOrientationLandscapeRight";
				LD_RUNPATH_SEARCH_PATHS = (
					"$(inherited)",
					"@executable_path/Frameworks",
				);
				MARKETING_VERSION = 1.0;
				PRODUCT_BUNDLE_IDENTIFIER = com.ttt.HelloWorld;
				PRODUCT_NAME = "$(TARGET_NAME)";
				SWIFT_EMIT_LOC_STRINGS = YES;
				TARGETED_DEVICE_FAMILY = "1,2";
			};
			name = Release;
		};
		E9AB5BD82A4AE4DC00582801 /* Debug */ = {
			isa = XCBuildConfiguration;
			buildSettings = {
				BUNDLE_LOADER = "$(TEST_HOST)";
				CODE_SIGN_STYLE = Automatic;
				CURRENT_PROJECT_VERSION = 1;
				GENERATE_INFOPLIST_FILE = YES;
				IPHONEOS_DEPLOYMENT_TARGET = 16.4;
				MARKETING_VERSION = 1.0;
				PRODUCT_BUNDLE_IDENTIFIER = com.ttt.HelloWorldTests;
				PRODUCT_NAME = "$(TARGET_NAME)";
				SWIFT_EMIT_LOC_STRINGS = NO;
				TARGETED_DEVICE_FAMILY = "1,2";
				TEST_HOST = "$(BUILT_PRODUCTS_DIR)/HelloWorld.app/$(BUNDLE_EXECUTABLE_FOLDER_PATH)/HelloWorld";
			};
			name = Debug;
		};
		E9AB5BD92A4AE4DC00582801 /* Release */ = {
			isa = XCBuildConfiguration;
			buildSettings = {
				BUNDLE_LOADER = "$(TEST_HOST)";
				CODE_SIGN_STYLE = Automatic;
				CURRENT_PROJECT_VERSION = 1;
				GENERATE_INFOPLIST_FILE = YES;
				IPHONEOS_DEPLOYMENT_TARGET = 16.4;
				MARKETING_VERSION = 1.0;
				PRODUCT_BUNDLE_IDENTIFIER = com.ttt.HelloWorldTests;
				PRODUCT_NAME = "$(TARGET_NAME)";
				SWIFT_EMIT_LOC_STRINGS = NO;
				TARGETED_DEVICE_FAMILY = "1,2";
				TEST_HOST = "$(BUILT_PRODUCTS_DIR)/HelloWorld.app/$(BUNDLE_EXECUTABLE_FOLDER_PATH)/HelloWorld";
			};
			name = Release;
		};
		E9AB5BDB2A4AE4DC00582801 /* Debug */ = {
			isa = XCBuildConfiguration;
			buildSettings = {
				CODE_SIGN_STYLE = Automatic;
				CURRENT_PROJECT_VERSION = 1;
				GENERATE_INFOPLIST_FILE = YES;
				MARKETING_VERSION = 1.0;
				PRODUCT_BUNDLE_IDENTIFIER = com.ttt.HelloWorldUITests;
				PRODUCT_NAME = "$(TARGET_NAME)";
				SWIFT_EMIT_LOC_STRINGS = NO;
				TARGETED_DEVICE_FAMILY = "1,2";
				TEST_TARGET_NAME = HelloWorld;
			};
			name = Debug;
		};
		E9AB5BDC2A4AE4DC00582801 /* Release */ = {
			isa = XCBuildConfiguration;
			buildSettings = {
				CODE_SIGN_STYLE = Automatic;
				CURRENT_PROJECT_VERSION = 1;
				GENERATE_INFOPLIST_FILE = YES;
				MARKETING_VERSION = 1.0;
				PRODUCT_BUNDLE_IDENTIFIER = com.ttt.HelloWorldUITests;
				PRODUCT_NAME = "$(TARGET_NAME)";
				SWIFT_EMIT_LOC_STRINGS = NO;
				TARGETED_DEVICE_FAMILY = "1,2";
				TEST_TARGET_NAME = HelloWorld;
			};
			name = Release;
		};
/* End XCBuildConfiguration section */

/* Begin XCConfigurationList section */
		E9AB5BA02A4AE4DB00582801 /* Build configuration list for PBXProject "HelloWorld" */ = {
			isa = XCConfigurationList;
			buildConfigurations = (
				E9AB5BD22A4AE4DC00582801 /* Debug */,
				E9AB5BD32A4AE4DC00582801 /* Release */,
			);
			defaultConfigurationIsVisible = 0;
			defaultConfigurationName = Release;
		};
		E9AB5BD42A4AE4DC00582801 /* Build configuration list for PBXNativeTarget "HelloWorld" */ = {
			isa = XCConfigurationList;
			buildConfigurations = (
				E9AB5BD52A4AE4DC00582801 /* Debug */,
				E9AB5BD62A4AE4DC00582801 /* Release */,
			);
			defaultConfigurationIsVisible = 0;
			defaultConfigurationName = Release;
		};
		E9AB5BD72A4AE4DC00582801 /* Build configuration list for PBXNativeTarget "HelloWorldTests" */ = {
			isa = XCConfigurationList;
			buildConfigurations = (
				E9AB5BD82A4AE4DC00582801 /* Debug */,
				E9AB5BD92A4AE4DC00582801 /* Release */,
			);
			defaultConfigurationIsVisible = 0;
			defaultConfigurationName = Release;
		};
		E9AB5BDA2A4AE4DC00582801 /* Build configuration list for PBXNativeTarget "HelloWorldUITests" */ = {
			isa = XCConfigurationList;
			buildConfigurations = (
				E9AB5BDB2A4AE4DC00582801 /* Debug */,
				E9AB5BDC2A4AE4DC00582801 /* Release */,
			);
			defaultConfigurationIsVisible = 0;
			defaultConfigurationName = Release;
		};
/* End XCConfigurationList section */
	};
	rootObject = E9AB5B9D2A4AE4DB00582801 /* Project object */;
}
